
Microsoft Visual Studio Solution File, Format Version 12.00
# Visual Studio 15
VisualStudioVersion = 15.0.27428.2002
MinimumVisualStudioVersion = 10.0.40219.1
Project("{FAE04EC0-301F-11D3-BF4B-00C04F79EFBC}") = "MapCollator", "MapCollator\MapCollator.csproj", "{DFA64C63-ACDD-4A15-8F2C-009246CBDCC9}"
EndProject
Global
	GlobalSection(SolutionConfigurationPlatforms) = preSolution
		Debug|Any CPU = Debug|Any CPU
		Release|Any CPU = Release|Any CPU
	EndGlobalSection
	GlobalSection(ProjectConfigurationPlatforms) = postSolution
		{DFA64C63-ACDD-4A15-8F2C-009246CBDCC9}.Debug|Any CPU.ActiveCfg = Debug|Any CPU
		{DFA64C63-ACDD-4A15-8F2C-009246CBDCC9}.Debug|Any CPU.Build.0 = Debug|Any CPU
		{DFA64C63-ACDD-4A15-8F2C-009246CBDCC9}.Release|Any CPU.ActiveCfg = Release|Any CPU
		{DFA64C63-ACDD-4A15-8F2C-009246CBDCC9}.Release|Any CPU.Build.0 = Release|Any CPU
	EndGlobalSection
	GlobalSection(SolutionProperties) = preSolution
		HideSolutionNode = FALSE
	EndGlobalSection
	GlobalSection(ExtensibilityGlobals) = postSolution
		SolutionGuid = {05CC4FBA-93C7-46E5-9E55-7E51750E852D}
	EndGlobalSection
EndGlobal
